
Microsoft Visual Studio Solution File, Format Version 12.00
# Visual Studio Version 17
VisualStudioVersion = 17.14.36221.1
MinimumVisualStudioVersion = 10.0.40219.1
Project("{2150E333-8FDC-42A3-9474-1A3956D46DE8}") = "src", "src", "{02EA681E-C7D8-13C7-8484-4AC65E1B71E8}"
EndProject
Project("{FAE04EC0-301F-11D3-BF4B-00C04F79EFBC}") = "API-Gateway", "API-Gateway\API-Gateway.csproj", "{0385619C-48A9-40D0-9332-62D11CCBDE84}"
EndProject
Project("{FAE04EC0-301F-11D3-BF4B-00C04F79EFBC}") = "Admin-API-Gateway", "Admin-API-Gateway\Admin-API-Gateway.csproj", "{860F4C49-C960-41BB-B27C-CF421BAED101}"
EndProject
Project("{FAE04EC0-301F-11D3-BF4B-00C04F79EFBC}") = "Identity-Service", "Identity-Service\Identity-Service.csproj", "{FDFEF0C8-1BC5-4F1A-9D51-BC0777D83C9A}"
EndProject
Project("{FAE04EC0-301F-11D3-BF4B-00C04F79EFBC}") = "Catalog-Service", "Catalog-Service\Catalog-Service.csproj", "{A329CE0E-62CE-42B4-A988-71CFBABE6C43}"
EndProject
Project("{FAE04EC0-301F-11D3-BF4B-00C04F79EFBC}") = "Order-Service", "Order-Service\Order-Service.csproj", "{C3B410DE-34B6-4565-88E9-9FE36E456566}"
EndProject
Project("{FAE04EC0-301F-11D3-BF4B-00C04F79EFBC}") = "Payment-Service", "Payment-Service\Payment-Service.csproj", "{11BA6CB1-891C-4B2B-B53E-1C603D4B7EE9}"
EndProject
Project("{FAE04EC0-301F-11D3-BF4B-00C04F79EFBC}") = "User-Profile-Service", "User-Profile-Service\User-Profile-Service.csproj", "{F0BE8F55-DAA4-450D-8999-A97598F8BE0C}"
EndProject
Project("{FAE04EC0-301F-11D3-BF4B-00C04F79EFBC}") = "Review-Rating-Service", "Review-Rating-Service\Review-Rating-Service.csproj", "{98191D7D-B40E-4DC1-BBE8-C69FEECA1EAE}"
EndProject
Project("{FAE04EC0-301F-11D3-BF4B-00C04F79EFBC}") = "Seller-Finance-Service", "Seller-Finance-Service\Seller-Finance-Service.csproj", "{B4BBA754-A7FC-481A-8F3E-C35E93376BD5}"
EndProject
Project("{2150E333-8FDC-42A3-9474-1A3956D46DE8}") = "Worker Service", "Worker Service", "{8B60D821-2A3C-4395-BD19-18200E00984B}"
EndProject
Project("{2150E333-8FDC-42A3-9474-1A3956D46DE8}") = "APIServices", "APIServices", "{CF275DC5-14D4-4704-8C23-220399D2B411}"
EndProject
Project("{FAE04EC0-301F-11D3-BF4B-00C04F79EFBC}") = "Notification-Service", "Notification-Service\Notification-Service.csproj", "{1B82CB0C-0C2C-46D5-96FD-AED2D3290FF7}"
EndProject
Project("{2150E333-8FDC-42A3-9474-1A3956D46DE8}") = "Shared_Kernel", "Shared_Kernel", "{F6882574-FC6E-4388-A0DC-57E1B1FD3509}"
EndProject
Project("{FAE04EC0-301F-11D3-BF4B-00C04F79EFBC}") = "SharedKernel", "SharedKernel\SharedKernel.csproj", "{8D43DF04-6FBC-4709-9EF1-1AFEBCAFE5A8}"
EndProject
Project("{2150E333-8FDC-42A3-9474-1A3956D46DE8}") = "Remove", "Remove", "{A12DDC0C-289D-40B1-BFB0-82DF0037D6F8}"
EndProject
Project("{FAE04EC0-301F-11D3-BF4B-00C04F79EFBC}") = "IdentityService", "IdentityService\IdentityService.csproj", "{B064A984-303A-42BA-9918-C36E3F2A0684}"
EndProject
Global
	GlobalSection(SolutionConfigurationPlatforms) = preSolution
		Debug|Any CPU = Debug|Any CPU
		Release|Any CPU = Release|Any CPU
	EndGlobalSection
	GlobalSection(ProjectConfigurationPlatforms) = postSolution
		{0385619C-48A9-40D0-9332-62D11CCBDE84}.Debug|Any CPU.ActiveCfg = Debug|Any CPU
		{0385619C-48A9-40D0-9332-62D11CCBDE84}.Debug|Any CPU.Build.0 = Debug|Any CPU
		{0385619C-48A9-40D0-9332-62D11CCBDE84}.Release|Any CPU.ActiveCfg = Release|Any CPU
		{0385619C-48A9-40D0-9332-62D11CCBDE84}.Release|Any CPU.Build.0 = Release|Any CPU
		{860F4C49-C960-41BB-B27C-CF421BAED101}.Debug|Any CPU.ActiveCfg = Debug|Any CPU
		{860F4C49-C960-41BB-B27C-CF421BAED101}.Debug|Any CPU.Build.0 = Debug|Any CPU
		{860F4C49-C960-41BB-B27C-CF421BAED101}.Release|Any CPU.ActiveCfg = Release|Any CPU
		{860F4C49-C960-41BB-B27C-CF421BAED101}.Release|Any CPU.Build.0 = Release|Any CPU
		{FDFEF0C8-1BC5-4F1A-9D51-BC0777D83C9A}.Debug|Any CPU.ActiveCfg = Debug|Any CPU
		{FDFEF0C8-1BC5-4F1A-9D51-BC0777D83C9A}.Debug|Any CPU.Build.0 = Debug|Any CPU
		{FDFEF0C8-1BC5-4F1A-9D51-BC0777D83C9A}.Release|Any CPU.ActiveCfg = Release|Any CPU
		{FDFEF0C8-1BC5-4F1A-9D51-BC0777D83C9A}.Release|Any CPU.Build.0 = Release|Any CPU
		{A329CE0E-62CE-42B4-A988-71CFBABE6C43}.Debug|Any CPU.ActiveCfg = Debug|Any CPU
		{A329CE0E-62CE-42B4-A988-71CFBABE6C43}.Debug|Any CPU.Build.0 = Debug|Any CPU
		{A329CE0E-62CE-42B4-A988-71CFBABE6C43}.Release|Any CPU.ActiveCfg = Release|Any CPU
		{A329CE0E-62CE-42B4-A988-71CFBABE6C43}.Release|Any CPU.Build.0 = Release|Any CPU
		{C3B410DE-34B6-4565-88E9-9FE36E456566}.Debug|Any CPU.ActiveCfg = Debug|Any CPU
		{C3B410DE-34B6-4565-88E9-9FE36E456566}.Debug|Any CPU.Build.0 = Debug|Any CPU
		{C3B410DE-34B6-4565-88E9-9FE36E456566}.Release|Any CPU.ActiveCfg = Release|Any CPU
		{C3B410DE-34B6-4565-88E9-9FE36E456566}.Release|Any CPU.Build.0 = Release|Any CPU
		{11BA6CB1-891C-4B2B-B53E-1C603D4B7EE9}.Debug|Any CPU.ActiveCfg = Debug|Any CPU
		{11BA6CB1-891C-4B2B-B53E-1C603D4B7EE9}.Debug|Any CPU.Build.0 = Debug|Any CPU
		{11BA6CB1-891C-4B2B-B53E-1C603D4B7EE9}.Release|Any CPU.ActiveCfg = Release|Any CPU
		{11BA6CB1-891C-4B2B-B53E-1C603D4B7EE9}.Release|Any CPU.Build.0 = Release|Any CPU
		{F0BE8F55-DAA4-450D-8999-A97598F8BE0C}.Debug|Any CPU.ActiveCfg = Debug|Any CPU
		{F0BE8F55-DAA4-450D-8999-A97598F8BE0C}.Debug|Any CPU.Build.0 = Debug|Any CPU
		{F0BE8F55-DAA4-450D-8999-A97598F8BE0C}.Release|Any CPU.ActiveCfg = Release|Any CPU
		{F0BE8F55-DAA4-450D-8999-A97598F8BE0C}.Release|Any CPU.Build.0 = Release|Any CPU
		{98191D7D-B40E-4DC1-BBE8-C69FEECA1EAE}.Debug|Any CPU.ActiveCfg = Debug|Any CPU
		{98191D7D-B40E-4DC1-BBE8-C69FEECA1EAE}.Debug|Any CPU.Build.0 = Debug|Any CPU
		{98191D7D-B40E-4DC1-BBE8-C69FEECA1EAE}.Release|Any CPU.ActiveCfg = Release|Any CPU
		{98191D7D-B40E-4DC1-BBE8-C69FEECA1EAE}.Release|Any CPU.Build.0 = Release|Any CPU
		{B4BBA754-A7FC-481A-8F3E-C35E93376BD5}.Debug|Any CPU.ActiveCfg = Debug|Any CPU
		{B4BBA754-A7FC-481A-8F3E-C35E93376BD5}.Debug|Any CPU.Build.0 = Debug|Any CPU
		{B4BBA754-A7FC-481A-8F3E-C35E93376BD5}.Release|Any CPU.ActiveCfg = Release|Any CPU
		{B4BBA754-A7FC-481A-8F3E-C35E93376BD5}.Release|Any CPU.Build.0 = Release|Any CPU
		{1B82CB0C-0C2C-46D5-96FD-AED2D3290FF7}.Debug|Any CPU.ActiveCfg = Debug|Any CPU
		{1B82CB0C-0C2C-46D5-96FD-AED2D3290FF7}.Debug|Any CPU.Build.0 = Debug|Any CPU
		{1B82CB0C-0C2C-46D5-96FD-AED2D3290FF7}.Release|Any CPU.ActiveCfg = Release|Any CPU
		{1B82CB0C-0C2C-46D5-96FD-AED2D3290FF7}.Release|Any CPU.Build.0 = Release|Any CPU
		{8D43DF04-6FBC-4709-9EF1-1AFEBCAFE5A8}.Debug|Any CPU.ActiveCfg = Debug|Any CPU
		{8D43DF04-6FBC-4709-9EF1-1AFEBCAFE5A8}.Debug|Any CPU.Build.0 = Debug|Any CPU
		{8D43DF04-6FBC-4709-9EF1-1AFEBCAFE5A8}.Release|Any CPU.ActiveCfg = Release|Any CPU
		{8D43DF04-6FBC-4709-9EF1-1AFEBCAFE5A8}.Release|Any CPU.Build.0 = Release|Any CPU
		{B064A984-303A-42BA-9918-C36E3F2A0684}.Debug|Any CPU.ActiveCfg = Debug|Any CPU
		{B064A984-303A-42BA-9918-C36E3F2A0684}.Debug|Any CPU.Build.0 = Debug|Any CPU
		{B064A984-303A-42BA-9918-C36E3F2A0684}.Release|Any CPU.ActiveCfg = Release|Any CPU
		{B064A984-303A-42BA-9918-C36E3F2A0684}.Release|Any CPU.Build.0 = Release|Any CPU
	EndGlobalSection
	GlobalSection(SolutionProperties) = preSolution
		HideSolutionNode = FALSE
	EndGlobalSection
	GlobalSection(NestedProjects) = preSolution
		{0385619C-48A9-40D0-9332-62D11CCBDE84} = {CF275DC5-14D4-4704-8C23-220399D2B411}
		{860F4C49-C960-41BB-B27C-CF421BAED101} = {CF275DC5-14D4-4704-8C23-220399D2B411}
		{FDFEF0C8-1BC5-4F1A-9D51-BC0777D83C9A} = {A12DDC0C-289D-40B1-BFB0-82DF0037D6F8}
		{A329CE0E-62CE-42B4-A988-71CFBABE6C43} = {CF275DC5-14D4-4704-8C23-220399D2B411}
		{C3B410DE-34B6-4565-88E9-9FE36E456566} = {CF275DC5-14D4-4704-8C23-220399D2B411}
		{11BA6CB1-891C-4B2B-B53E-1C603D4B7EE9} = {CF275DC5-14D4-4704-8C23-220399D2B411}
		{F0BE8F55-DAA4-450D-8999-A97598F8BE0C} = {CF275DC5-14D4-4704-8C23-220399D2B411}
		{98191D7D-B40E-4DC1-BBE8-C69FEECA1EAE} = {CF275DC5-14D4-4704-8C23-220399D2B411}
		{B4BBA754-A7FC-481A-8F3E-C35E93376BD5} = {CF275DC5-14D4-4704-8C23-220399D2B411}
		{8B60D821-2A3C-4395-BD19-18200E00984B} = {02EA681E-C7D8-13C7-8484-4AC65E1B71E8}
		{CF275DC5-14D4-4704-8C23-220399D2B411} = {02EA681E-C7D8-13C7-8484-4AC65E1B71E8}
		{1B82CB0C-0C2C-46D5-96FD-AED2D3290FF7} = {8B60D821-2A3C-4395-BD19-18200E00984B}
		{F6882574-FC6E-4388-A0DC-57E1B1FD3509} = {02EA681E-C7D8-13C7-8484-4AC65E1B71E8}
		{8D43DF04-6FBC-4709-9EF1-1AFEBCAFE5A8} = {F6882574-FC6E-4388-A0DC-57E1B1FD3509}
		{A12DDC0C-289D-40B1-BFB0-82DF0037D6F8} = {02EA681E-C7D8-13C7-8484-4AC65E1B71E8}
		{B064A984-303A-42BA-9918-C36E3F2A0684} = {CF275DC5-14D4-4704-8C23-220399D2B411}
	EndGlobalSection
	GlobalSection(ExtensibilityGlobals) = postSolution
		SolutionGuid = {CE5E4472-A596-4661-BE80-EABC1C5B637C}
	EndGlobalSection
EndGlobal
